// !$*UTF8*$!
{
	archiveVersion = 1;
	classes = {
	};
	objectVersion = 46;
	objects = {

/* Begin PBXBuildFile section */
		70FCBD1C1432CBEE00D88593 /* UIKit.framework in Frameworks */ = {isa = PBXBuildFile; fileRef = 70FCBD1B1432CBEE00D88593 /* UIKit.framework */; };
		70FCBD1E1432CBEE00D88593 /* Foundation.framework in Frameworks */ = {isa = PBXBuildFile; fileRef = 70FCBD1D1432CBEE00D88593 /* Foundation.framework */; };
		70FCBD201432CBEE00D88593 /* CoreGraphics.framework in Frameworks */ = {isa = PBXBuildFile; fileRef = 70FCBD1F1432CBEE00D88593 /* CoreGraphics.framework */; };
		70FCBD261432CBEE00D88593 /* InfoPlist.strings in Resources */ = {isa = PBXBuildFile; fileRef = 70FCBD241432CBEE00D88593 /* InfoPlist.strings */; };
		70FCBD291432CBEE00D88593 /* main.m in Sources */ = {isa = PBXBuildFile; fileRef = 70FCBD281432CBEE00D88593 /* main.m */; };
		70FCBD2C1432CBEE00D88593 /* StateMachineAppDelegate.m in Sources */ = {isa = PBXBuildFile; fileRef = 70FCBD2B1432CBEE00D88593 /* StateMachineAppDelegate.m */; };
		70FCBD2F1432CBEE00D88593 /* MainWindow.xib in Resources */ = {isa = PBXBuildFile; fileRef = 70FCBD2D1432CBEE00D88593 /* MainWindow.xib */; };
		70FCBD361432CBEE00D88593 /* UIKit.framework in Frameworks */ = {isa = PBXBuildFile; fileRef = 70FCBD1B1432CBEE00D88593 /* UIKit.framework */; };
		70FCBD371432CBEE00D88593 /* Foundation.framework in Frameworks */ = {isa = PBXBuildFile; fileRef = 70FCBD1D1432CBEE00D88593 /* Foundation.framework */; };
		70FCBD381432CBEE00D88593 /* CoreGraphics.framework in Frameworks */ = {isa = PBXBuildFile; fileRef = 70FCBD1F1432CBEE00D88593 /* CoreGraphics.framework */; };
		70FCBD401432CBEE00D88593 /* InfoPlist.strings in Resources */ = {isa = PBXBuildFile; fileRef = 70FCBD3E1432CBEE00D88593 /* InfoPlist.strings */; };
		70FCBD431432CBEE00D88593 /* StateMachineTests.h in Resources */ = {isa = PBXBuildFile; fileRef = 70FCBD421432CBEE00D88593 /* StateMachineTests.h */; };
		70FCBD451432CBEE00D88593 /* StateMachineTests.m in Sources */ = {isa = PBXBuildFile; fileRef = 70FCBD441432CBEE00D88593 /* StateMachineTests.m */; };
/* End PBXBuildFile section */

/* Begin PBXContainerItemProxy section */
		70FCBD391432CBEE00D88593 /* PBXContainerItemProxy */ = {
			isa = PBXContainerItemProxy;
			containerPortal = 70FCBD0E1432CBEE00D88593 /* Project object */;
			proxyType = 1;
			remoteGlobalIDString = 70FCBD161432CBEE00D88593;
			remoteInfo = StateMachine;
		};
/* End PBXContainerItemProxy section */

/* Begin PBXFileReference section */
		70FCBD171432CBEE00D88593 /* StateMachine.app */ = {isa = PBXFileReference; explicitFileType = wrapper.application; includeInIndex = 0; path = StateMachine.app; sourceTree = BUILT_PRODUCTS_DIR; };
		70FCBD1B1432CBEE00D88593 /* UIKit.framework */ = {isa = PBXFileReference; lastKnownFileType = wrapper.framework; name = UIKit.framework; path = System/Library/Frameworks/UIKit.framework; sourceTree = SDKROOT; };
		70FCBD1D1432CBEE00D88593 /* Foundation.framework */ = {isa = PBXFileReference; lastKnownFileType = wrapper.framework; name = Foundation.framework; path = System/Library/Frameworks/Foundation.framework; sourceTree = SDKROOT; };
		70FCBD1F1432CBEE00D88593 /* CoreGraphics.framework */ = {isa = PBXFileReference; lastKnownFileType = wrapper.framework; name = CoreGraphics.framework; path = System/Library/Frameworks/CoreGraphics.framework; sourceTree = SDKROOT; };
		70FCBD231432CBEE00D88593 /* StateMachine-Info.plist */ = {isa = PBXFileReference; lastKnownFileType = text.plist.xml; path = "StateMachine-Info.plist"; sourceTree = "<group>"; };
		70FCBD251432CBEE00D88593 /* en */ = {isa = PBXFileReference; lastKnownFileType = text.plist.strings; name = en; path = en.lproj/InfoPlist.strings; sourceTree = "<group>"; };
		70FCBD271432CBEE00D88593 /* StateMachine-Prefix.pch */ = {isa = PBXFileReference; lastKnownFileType = sourcecode.c.h; path = "StateMachine-Prefix.pch"; sourceTree = "<group>"; };
		70FCBD281432CBEE00D88593 /* main.m */ = {isa = PBXFileReference; lastKnownFileType = sourcecode.c.objc; path = main.m; sourceTree = "<group>"; };
		70FCBD2A1432CBEE00D88593 /* StateMachineAppDelegate.h */ = {isa = PBXFileReference; lastKnownFileType = sourcecode.c.h; path = StateMachineAppDelegate.h; sourceTree = "<group>"; };
		70FCBD2B1432CBEE00D88593 /* StateMachineAppDelegate.m */ = {isa = PBXFileReference; lastKnownFileType = sourcecode.c.objc; path = StateMachineAppDelegate.m; sourceTree = "<group>"; };
		70FCBD2E1432CBEE00D88593 /* en */ = {isa = PBXFileReference; lastKnownFileType = file.xib; name = en; path = en.lproj/MainWindow.xib; sourceTree = "<group>"; };
		70FCBD351432CBEE00D88593 /* StateMachineTests.octest */ = {isa = PBXFileReference; explicitFileType = wrapper.cfbundle; includeInIndex = 0; path = StateMachineTests.octest; sourceTree = BUILT_PRODUCTS_DIR; };
		70FCBD3D1432CBEE00D88593 /* StateMachineTests-Info.plist */ = {isa = PBXFileReference; lastKnownFileType = text.plist.xml; path = "StateMachineTests-Info.plist"; sourceTree = "<group>"; };
		70FCBD3F1432CBEE00D88593 /* en */ = {isa = PBXFileReference; lastKnownFileType = text.plist.strings; name = en; path = en.lproj/InfoPlist.strings; sourceTree = "<group>"; };
		70FCBD411432CBEE00D88593 /* StateMachineTests-Prefix.pch */ = {isa = PBXFileReference; lastKnownFileType = sourcecode.c.h; path = "StateMachineTests-Prefix.pch"; sourceTree = "<group>"; };
		70FCBD421432CBEE00D88593 /* StateMachineTests.h */ = {isa = PBXFileReference; lastKnownFileType = sourcecode.c.h; path = StateMachineTests.h; sourceTree = "<group>"; };
		70FCBD441432CBEE00D88593 /* StateMachineTests.m */ = {isa = PBXFileReference; lastKnownFileType = sourcecode.c.objc; path = StateMachineTests.m; sourceTree = "<group>"; };
/* End PBXFileReference section */

/* Begin PBXFrameworksBuildPhase section */
		70FCBD141432CBEE00D88593 /* Frameworks */ = {
			isa = PBXFrameworksBuildPhase;
			buildActionMask = 2147483647;
			files = (
				70FCBD1C1432CBEE00D88593 /* UIKit.framework in Frameworks */,
				70FCBD1E1432CBEE00D88593 /* Foundation.framework in Frameworks */,
				70FCBD201432CBEE00D88593 /* CoreGraphics.framework in Frameworks */,
			);
			runOnlyForDeploymentPostprocessing = 0;
		};
		70FCBD311432CBEE00D88593 /* Frameworks */ = {
			isa = PBXFrameworksBuildPhase;
			buildActionMask = 2147483647;
			files = (
				70FCBD361432CBEE00D88593 /* UIKit.framework in Frameworks */,
				70FCBD371432CBEE00D88593 /* Foundation.framework in Frameworks */,
				70FCBD381432CBEE00D88593 /* CoreGraphics.framework in Frameworks */,
			);
			runOnlyForDeploymentPostprocessing = 0;
		};
/* End PBXFrameworksBuildPhase section */

/* Begin PBXGroup section */
		70FCBD0C1432CBEE00D88593 = {
			isa = PBXGroup;
			children = (
				70FCBD211432CBEE00D88593 /* StateMachine */,
				70FCBD3B1432CBEE00D88593 /* StateMachineTests */,
				70FCBD1A1432CBEE00D88593 /* Frameworks */,
				70FCBD181432CBEE00D88593 /* Products */,
			);
			sourceTree = "<group>";
		};
		70FCBD181432CBEE00D88593 /* Products */ = {
			isa = PBXGroup;
			children = (
				70FCBD171432CBEE00D88593 /* StateMachine.app */,
				70FCBD351432CBEE00D88593 /* StateMachineTests.octest */,
			);
			name = Products;
			sourceTree = "<group>";
		};
		70FCBD1A1432CBEE00D88593 /* Frameworks */ = {
			isa = PBXGroup;
			children = (
				70FCBD1B1432CBEE00D88593 /* UIKit.framework */,
				70FCBD1D1432CBEE00D88593 /* Foundation.framework */,
				70FCBD1F1432CBEE00D88593 /* CoreGraphics.framework */,
			);
			name = Frameworks;
			sourceTree = "<group>";
		};
		70FCBD211432CBEE00D88593 /* StateMachine */ = {
			isa = PBXGroup;
			children = (
				70FCBD2A1432CBEE00D88593 /* StateMachineAppDelegate.h */,
				70FCBD2B1432CBEE00D88593 /* StateMachineAppDelegate.m */,
				70FCBD2D1432CBEE00D88593 /* MainWindow.xib */,
				70FCBD221432CBEE00D88593 /* Supporting Files */,
			);
			path = StateMachine;
			sourceTree = "<group>";
		};
		70FCBD221432CBEE00D88593 /* Supporting Files */ = {
			isa = PBXGroup;
			children = (
				70FCBD231432CBEE00D88593 /* StateMachine-Info.plist */,
				70FCBD241432CBEE00D88593 /* InfoPlist.strings */,
				70FCBD271432CBEE00D88593 /* StateMachine-Prefix.pch */,
				70FCBD281432CBEE00D88593 /* main.m */,
			);
			name = "Supporting Files";
			sourceTree = "<group>";
		};
		70FCBD3B1432CBEE00D88593 /* StateMachineTests */ = {
			isa = PBXGroup;
			children = (
				70FCBD421432CBEE00D88593 /* StateMachineTests.h */,
				70FCBD441432CBEE00D88593 /* StateMachineTests.m */,
				70FCBD3C1432CBEE00D88593 /* Supporting Files */,
			);
			path = StateMachineTests;
			sourceTree = "<group>";
		};
		70FCBD3C1432CBEE00D88593 /* Supporting Files */ = {
			isa = PBXGroup;
			children = (
				70FCBD3D1432CBEE00D88593 /* StateMachineTests-Info.plist */,
				70FCBD3E1432CBEE00D88593 /* InfoPlist.strings */,
				70FCBD411432CBEE00D88593 /* StateMachineTests-Prefix.pch */,
			);
			name = "Supporting Files";
			sourceTree = "<group>";
		};
/* End PBXGroup section */

/* Begin PBXNativeTarget section */
		70FCBD161432CBEE00D88593 /* StateMachine */ = {
			isa = PBXNativeTarget;
			buildConfigurationList = 70FCBD481432CBEE00D88593 /* Build configuration list for PBXNativeTarget "StateMachine" */;
			buildPhases = (
				70FCBD131432CBEE00D88593 /* Sources */,
				70FCBD141432CBEE00D88593 /* Frameworks */,
				70FCBD151432CBEE00D88593 /* Resources */,
			);
			buildRules = (
			);
			dependencies = (
			);
			name = StateMachine;
			productName = StateMachine;
			productReference = 70FCBD171432CBEE00D88593 /* StateMachine.app */;
			productType = "com.apple.product-type.application";
		};
		70FCBD341432CBEE00D88593 /* StateMachineTests */ = {
			isa = PBXNativeTarget;
			buildConfigurationList = 70FCBD4B1432CBEE00D88593 /* Build configuration list for PBXNativeTarget "StateMachineTests" */;
			buildPhases = (
				70FCBD301432CBEE00D88593 /* Sources */,
				70FCBD311432CBEE00D88593 /* Frameworks */,
				70FCBD321432CBEE00D88593 /* Resources */,
				70FCBD331432CBEE00D88593 /* ShellScript */,
			);
			buildRules = (
			);
			dependencies = (
				70FCBD3A1432CBEE00D88593 /* PBXTargetDependency */,
			);
			name = StateMachineTests;
			productName = StateMachineTests;
			productReference = 70FCBD351432CBEE00D88593 /* StateMachineTests.octest */;
			productType = "com.apple.product-type.bundle";
		};
/* End PBXNativeTarget section */

/* Begin PBXProject section */
		70FCBD0E1432CBEE00D88593 /* Project object */ = {
			isa = PBXProject;
			buildConfigurationList = 70FCBD111432CBEE00D88593 /* Build configuration list for PBXProject "StateMachine" */;
			compatibilityVersion = "Xcode 3.2";
			developmentRegion = English;
			hasScannedForEncodings = 0;
			knownRegions = (
				en,
			);
			mainGroup = 70FCBD0C1432CBEE00D88593;
			productRefGroup = 70FCBD181432CBEE00D88593 /* Products */;
			projectDirPath = "";
			projectRoot = "";
			targets = (
				70FCBD161432CBEE00D88593 /* StateMachine */,
				70FCBD341432CBEE00D88593 /* StateMachineTests */,
			);
		};
/* End PBXProject section */

/* Begin PBXResourcesBuildPhase section */
		70FCBD151432CBEE00D88593 /* Resources */ = {
			isa = PBXResourcesBuildPhase;
			buildActionMask = 2147483647;
			files = (
				70FCBD261432CBEE00D88593 /* InfoPlist.strings in Resources */,
				70FCBD2F1432CBEE00D88593 /* MainWindow.xib in Resources */,
			);
			runOnlyForDeploymentPostprocessing = 0;
		};
		70FCBD321432CBEE00D88593 /* Resources */ = {
			isa = PBXResourcesBuildPhase;
			buildActionMask = 2147483647;
			files = (
				70FCBD401432CBEE00D88593 /* InfoPlist.strings in Resources */,
				70FCBD431432CBEE00D88593 /* StateMachineTests.h in Resources */,
			);
			runOnlyForDeploymentPostprocessing = 0;
		};
/* End PBXResourcesBuildPhase section */

/* Begin PBXShellScriptBuildPhase section */
		70FCBD331432CBEE00D88593 /* ShellScript */ = {
			isa = PBXShellScriptBuildPhase;
			buildActionMask = 2147483647;
			files = (
			);
			inputPaths = (
			);
			outputPaths = (
			);
			runOnlyForDeploymentPostprocessing = 0;
			shellPath = /bin/sh;
			shellScript = "# Run the unit tests in this test bundle.\n\"${SYSTEM_DEVELOPER_DIR}/Tools/RunUnitTests\"\n";
		};
/* End PBXShellScriptBuildPhase section */

/* Begin PBXSourcesBuildPhase section */
		70FCBD131432CBEE00D88593 /* Sources */ = {
			isa = PBXSourcesBuildPhase;
			buildActionMask = 2147483647;
			files = (
				70FCBD291432CBEE00D88593 /* main.m in Sources */,
				70FCBD2C1432CBEE00D88593 /* StateMachineAppDelegate.m in Sources */,
			);
			runOnlyForDeploymentPostprocessing = 0;
		};
		70FCBD301432CBEE00D88593 /* Sources */ = {
			isa = PBXSourcesBuildPhase;
			buildActionMask = 2147483647;
			files = (
				70FCBD451432CBEE00D88593 /* StateMachineTests.m in Sources */,
			);
			runOnlyForDeploymentPostprocessing = 0;
		};
/* End PBXSourcesBuildPhase section */

/* Begin PBXTargetDependency section */
		70FCBD3A1432CBEE00D88593 /* PBXTargetDependency */ = {
			isa = PBXTargetDependency;
			target = 70FCBD161432CBEE00D88593 /* StateMachine */;
			targetProxy = 70FCBD391432CBEE00D88593 /* PBXContainerItemProxy */;
		};
/* End PBXTargetDependency section */

/* Begin PBXVariantGroup section */
		70FCBD241432CBEE00D88593 /* InfoPlist.strings */ = {
			isa = PBXVariantGroup;
			children = (
				70FCBD251432CBEE00D88593 /* en */,
			);
			name = InfoPlist.strings;
			sourceTree = "<group>";
		};
		70FCBD2D1432CBEE00D88593 /* MainWindow.xib */ = {
			isa = PBXVariantGroup;
			children = (
				70FCBD2E1432CBEE00D88593 /* en */,
			);
			name = MainWindow.xib;
			sourceTree = "<group>";
		};
		70FCBD3E1432CBEE00D88593 /* InfoPlist.strings */ = {
			isa = PBXVariantGroup;
			children = (
				70FCBD3F1432CBEE00D88593 /* en */,
			);
			name = InfoPlist.strings;
			sourceTree = "<group>";
		};
/* End PBXVariantGroup section */

/* Begin XCBuildConfiguration section */
		70FCBD461432CBEE00D88593 /* Debug */ = {
			isa = XCBuildConfiguration;
			buildSettings = {
				ARCHS = "$(ARCHS_STANDARD_32_BIT)";
				"CODE_SIGN_IDENTITY[sdk=iphoneos*]" = "iPhone Developer";
				GCC_C_LANGUAGE_STANDARD = gnu99;
				GCC_OPTIMIZATION_LEVEL = 0;
				GCC_PREPROCESSOR_DEFINITIONS = DEBUG;
				GCC_SYMBOLS_PRIVATE_EXTERN = NO;
				GCC_VERSION = com.apple.compilers.llvmgcc42;
				GCC_WARN_ABOUT_RETURN_TYPE = YES;
				GCC_WARN_UNUSED_VARIABLE = YES;
				IPHONEOS_DEPLOYMENT_TARGET = 4.3;
				SDKROOT = iphoneos;
			};
			name = Debug;
		};
		70FCBD471432CBEE00D88593 /* Release */ = {
			isa = XCBuildConfiguration;
			buildSettings = {
				ARCHS = "$(ARCHS_STANDARD_32_BIT)";
				"CODE_SIGN_IDENTITY[sdk=iphoneos*]" = "iPhone Developer";
				GCC_C_LANGUAGE_STANDARD = gnu99;
				GCC_VERSION = com.apple.compilers.llvmgcc42;
				GCC_WARN_ABOUT_RETURN_TYPE = YES;
				GCC_WARN_UNUSED_VARIABLE = YES;
				IPHONEOS_DEPLOYMENT_TARGET = 4.3;
				OTHER_CFLAGS = "-DNS_BLOCK_ASSERTIONS=1";
				SDKROOT = iphoneos;
			};
			name = Release;
		};
		70FCBD491432CBEE00D88593 /* Debug */ = {
			isa = XCBuildConfiguration;
			buildSettings = {
				ALWAYS_SEARCH_USER_PATHS = NO;
				COPY_PHASE_STRIP = NO;
				GCC_DYNAMIC_NO_PIC = NO;
				GCC_PRECOMPILE_PREFIX_HEADER = YES;
				GCC_PREFIX_HEADER = "StateMachine/StateMachine-Prefix.pch";
				INFOPLIST_FILE = "StateMachine/StateMachine-Info.plist";
				PRODUCT_NAME = "$(TARGET_NAME)";
				WRAPPER_EXTENSION = app;
			};
			name = Debug;
		};
		70FCBD4A1432CBEE00D88593 /* Release */ = {
			isa = XCBuildConfiguration;
			buildSettings = {
				ALWAYS_SEARCH_USER_PATHS = NO;
				COPY_PHASE_STRIP = YES;
				GCC_PRECOMPILE_PREFIX_HEADER = YES;
				GCC_PREFIX_HEADER = "StateMachine/StateMachine-Prefix.pch";
				INFOPLIST_FILE = "StateMachine/StateMachine-Info.plist";
				PRODUCT_NAME = "$(TARGET_NAME)";
				VALIDATE_PRODUCT = YES;
				WRAPPER_EXTENSION = app;
			};
			name = Release;
		};
		70FCBD4C1432CBEE00D88593 /* Debug */ = {
			isa = XCBuildConfiguration;
			buildSettings = {
				ALWAYS_SEARCH_USER_PATHS = NO;
				BUNDLE_LOADER = "$(BUILT_PRODUCTS_DIR)/StateMachine.app/StateMachine";
				FRAMEWORK_SEARCH_PATHS = (
					"$(SDKROOT)/Developer/Library/Frameworks",
					"$(DEVELOPER_LIBRARY_DIR)/Frameworks",
				);
				GCC_PRECOMPILE_PREFIX_HEADER = YES;
				GCC_PREFIX_HEADER = "StateMachineTests/StateMachineTests-Prefix.pch";
				INFOPLIST_FILE = "StateMachineTests/StateMachineTests-Info.plist";
				OTHER_LDFLAGS = (
					"-framework",
					SenTestingKit,
				);
				PRODUCT_NAME = "$(TARGET_NAME)";
				TEST_HOST = "$(BUNDLE_LOADER)";
				WRAPPER_EXTENSION = octest;
			};
			name = Debug;
		};
		70FCBD4D1432CBEE00D88593 /* Release */ = {
			isa = XCBuildConfiguration;
			buildSettings = {
				ALWAYS_SEARCH_USER_PATHS = NO;
				BUNDLE_LOADER = "$(BUILT_PRODUCTS_DIR)/StateMachine.app/StateMachine";
				FRAMEWORK_SEARCH_PATHS = (
					"$(SDKROOT)/Developer/Library/Frameworks",
					"$(DEVELOPER_LIBRARY_DIR)/Frameworks",
				);
				GCC_PRECOMPILE_PREFIX_HEADER = YES;
				GCC_PREFIX_HEADER = "StateMachineTests/StateMachineTests-Prefix.pch";
				INFOPLIST_FILE = "StateMachineTests/StateMachineTests-Info.plist";
				OTHER_LDFLAGS = (
					"-framework",
					SenTestingKit,
				);
				PRODUCT_NAME = "$(TARGET_NAME)";
				TEST_HOST = "$(BUNDLE_LOADER)";
				WRAPPER_EXTENSION = octest;
			};
			name = Release;
		};
/* End XCBuildConfiguration section */

/* Begin XCConfigurationList section */
		70FCBD111432CBEE00D88593 /* Build configuration list for PBXProject "StateMachine" */ = {
			isa = XCConfigurationList;
			buildConfigurations = (
				70FCBD461432CBEE00D88593 /* Debug */,
				70FCBD471432CBEE00D88593 /* Release */,
			);
			defaultConfigurationIsVisible = 0;
			defaultConfigurationName = Release;
		};
		70FCBD481432CBEE00D88593 /* Build configuration list for PBXNativeTarget "StateMachine" */ = {
			isa = XCConfigurationList;
			buildConfigurations = (
				70FCBD491432CBEE00D88593 /* Debug */,
				70FCBD4A1432CBEE00D88593 /* Release */,
			);
			defaultConfigurationIsVisible = 0;
		};
		70FCBD4B1432CBEE00D88593 /* Build configuration list for PBXNativeTarget "StateMachineTests" */ = {
			isa = XCConfigurationList;
			buildConfigurations = (
				70FCBD4C1432CBEE00D88593 /* Debug */,
				70FCBD4D1432CBEE00D88593 /* Release */,
			);
			defaultConfigurationIsVisible = 0;
		};
/* End XCConfigurationList section */
	};
	rootObject = 70FCBD0E1432CBEE00D88593 /* Project object */;
}
